
Microsoft Visual Studio Solution File, Format Version 12.00
# Visual Studio Version 17
VisualStudioVersion = 17.0.31903.59
MinimumVisualStudioVersion = 10.0.40219.1
Project("{FAE04EC0-301F-11D3-BF4B-00C04F79EFBC}") = "类和对象习题", "类和对象习题\类和对象习题.csproj", "{B714062F-2700-4A23-ADAF-61F954FE289A}"
EndProject
Project("{FAE04EC0-301F-11D3-BF4B-00C04F79EFBC}") = "类和对象", "类和对象\类和对象.csproj", "{DD024B48-E3DF-4790-88DC-CEC7AA6E8116}"
EndProject
Project("{FAE04EC0-301F-11D3-BF4B-00C04F79EFBC}") = "成员变量", "成员变量\成员变量.csproj", "{8F8E937A-30EC-475E-BBD3-7A5D4AFE6768}"
EndProject
Project("{FAE04EC0-301F-11D3-BF4B-00C04F79EFBC}") = "成员变量习题", "成员变量习题\成员变量习题.csproj", "{E5A118DA-8E92-4529-A8C0-53FC643F190A}"
EndProject
Project("{FAE04EC0-301F-11D3-BF4B-00C04F79EFBC}") = "成员方法", "成员方法\成员方法.csproj", "{5349874D-4BBC-4D24-8CB5-C73AE511489D}"
EndProject
Project("{FAE04EC0-301F-11D3-BF4B-00C04F79EFBC}") = "成员方法习题", "成员方法习题\成员方法习题.csproj", "{52A6E99A-47D7-4600-B2BB-1FDD4721BDAA}"
EndProject
Project("{FAE04EC0-301F-11D3-BF4B-00C04F79EFBC}") = "构造_析构函数", "构造_析构函数\构造_析构函数.csproj", "{7D131D81-FE37-4DFC-B631-71935D58B0DC}"
EndProject
Project("{FAE04EC0-301F-11D3-BF4B-00C04F79EFBC}") = "构造_析构函数习题", "构造_析构函数习题\构造_析构函数习题.csproj", "{D0AB80EA-9988-4F2A-AFF3-CF9FB5E63154}"
EndProject
Project("{FAE04EC0-301F-11D3-BF4B-00C04F79EFBC}") = "成员属性", "成员属性\成员属性.csproj", "{E83B2FEA-813D-4D15-B17A-024B373DADD1}"
EndProject
Project("{FAE04EC0-301F-11D3-BF4B-00C04F79EFBC}") = "成员属性习题", "成员属性习题\成员属性习题.csproj", "{F6E0130F-AD92-4B74-811F-2683C6326BEC}"
EndProject
Project("{FAE04EC0-301F-11D3-BF4B-00C04F79EFBC}") = "索引器", "索引器\索引器.csproj", "{7BAF17FF-BA28-4EC5-81DD-7F115CEE8F36}"
EndProject
Project("{FAE04EC0-301F-11D3-BF4B-00C04F79EFBC}") = "索引器习题", "索引器习题\索引器习题.csproj", "{033811D5-5AC9-432C-861B-B724D6DB29AD}"
EndProject
Project("{FAE04EC0-301F-11D3-BF4B-00C04F79EFBC}") = "静态成员", "静态成员\静态成员.csproj", "{9CB6465B-1DF6-4E7F-9A31-B6BEED5ECB41}"
EndProject
Project("{FAE04EC0-301F-11D3-BF4B-00C04F79EFBC}") = "静态成员习题", "静态成员习题\静态成员习题.csproj", "{F28586C0-C0F3-4783-8F1B-E8EA9EACFF9C}"
EndProject
Project("{FAE04EC0-301F-11D3-BF4B-00C04F79EFBC}") = "静态类和静态构造函数", "静态类和静态构造函数\静态类和静态构造函数.csproj", "{78EEE66F-E8A5-4AF7-9352-25DD5980CD13}"
EndProject
Project("{FAE04EC0-301F-11D3-BF4B-00C04F79EFBC}") = "静态类和静态构造函数习题", "静态类和静态构造函数习题\静态类和静态构造函数习题.csproj", "{776CC034-FB34-4A40-A178-8FBBED5438CC}"
EndProject
Project("{FAE04EC0-301F-11D3-BF4B-00C04F79EFBC}") = "拓展方法", "拓展方法\拓展方法.csproj", "{5CCA2CB2-8ECC-45F9-A6C6-C0043E447713}"
EndProject
Project("{FAE04EC0-301F-11D3-BF4B-00C04F79EFBC}") = "拓展方法习题", "拓展方法习题\拓展方法习题.csproj", "{50C59554-9F70-4890-80EF-9F7F0B50BF6F}"
EndProject
Project("{FAE04EC0-301F-11D3-BF4B-00C04F79EFBC}") = "运算符重载", "运算符重载\运算符重载.csproj", "{AB96D74B-430D-4354-9044-AEE02A953D82}"
EndProject
Project("{FAE04EC0-301F-11D3-BF4B-00C04F79EFBC}") = "运算符重载习题", "运算符重载习题\运算符重载习题.csproj", "{38B0F39B-D2E1-4DAA-97D4-EEB6FD8D6501}"
EndProject
Project("{FAE04EC0-301F-11D3-BF4B-00C04F79EFBC}") = "内部类和分部类", "内部类和分部类\内部类和分部类.csproj", "{F50D3F1C-00F8-4E19-8744-B219D8D07194}"
EndProject
Project("{FAE04EC0-301F-11D3-BF4B-00C04F79EFBC}") = "继承", "继承\继承.csproj", "{4A0B8E85-314E-4B23-9B68-2C06BE8AF313}"
EndProject
Project("{FAE04EC0-301F-11D3-BF4B-00C04F79EFBC}") = "继承习题", "继承习题\继承习题.csproj", "{2771C36E-B2F4-4158-80AD-EE11B9F89CEB}"
EndProject
Project("{FAE04EC0-301F-11D3-BF4B-00C04F79EFBC}") = "继承_里氏替换原则", "继承_里氏替换原则\继承_里氏替换原则.csproj", "{C7D7CE8E-2363-4AA3-8D03-10078786C0F6}"
EndProject
Project("{FAE04EC0-301F-11D3-BF4B-00C04F79EFBC}") = "继承_里氏替换原则习题", "继承_里氏替换原则习题\继承_里氏替换原则习题.csproj", "{53F5AFA4-6E4E-496E-89DB-D58AC9E3CEC0}"
EndProject
Project("{FAE04EC0-301F-11D3-BF4B-00C04F79EFBC}") = "继承_万物之父与装箱拆箱", "继承_万物之父与装箱拆箱\继承_万物之父与装箱拆箱.csproj", "{5149C1DC-76EF-4D1E-AD00-DCCB5479EB9E}"
EndProject
Project("{FAE04EC0-301F-11D3-BF4B-00C04F79EFBC}") = "继承_构造函数", "继承_构造函数\继承_构造函数.csproj", "{2600CDB8-F668-4671-940B-EE80EDA6F01A}"
EndProject
Project("{FAE04EC0-301F-11D3-BF4B-00C04F79EFBC}") = "继承_构造函数习题", "继承_构造函数习题\继承_构造函数习题.csproj", "{52A89AEB-DE5D-4797-B77C-E0875B338F4D}"
EndProject
Project("{FAE04EC0-301F-11D3-BF4B-00C04F79EFBC}") = "继承_密封类", "继承_密封类\继承_密封类.csproj", "{7AE0BA91-8D94-4512-B7F5-E0FA49FC8AFE}"
EndProject
Project("{FAE04EC0-301F-11D3-BF4B-00C04F79EFBC}") = "继承_综合习题", "继承_综合习题\继承_综合习题.csproj", "{69106255-E07F-4EEB-A6D1-DF01C1BE74C7}"
EndProject
Project("{FAE04EC0-301F-11D3-BF4B-00C04F79EFBC}") = "多态", "多态\多态.csproj", "{6AEEB130-3235-4502-BB4F-E8979E5F8558}"
EndProject
Project("{FAE04EC0-301F-11D3-BF4B-00C04F79EFBC}") = "多态_vob", "多态_vob\多态_vob.csproj", "{21249DE5-051D-452D-AB96-E780BCB2F2B6}"
EndProject
Project("{FAE04EC0-301F-11D3-BF4B-00C04F79EFBC}") = "多态_vob习题", "多态_vob习题\多态_vob习题.csproj", "{97D7F40F-9EC3-4A31-BE17-735AF49A9899}"
EndProject
Project("{FAE04EC0-301F-11D3-BF4B-00C04F79EFBC}") = "多态_抽象类和抽象函数", "多态_抽象类和抽象函数\多态_抽象类和抽象函数.csproj", "{4095B120-15BC-4AC9-A9ED-E88387CF95C2}"
EndProject
Project("{FAE04EC0-301F-11D3-BF4B-00C04F79EFBC}") = "多态_抽象类和抽象函数习题", "多态_抽象类和抽象函数习题\多态_抽象类和抽象函数习题.csproj", "{221E0C31-6E74-4973-804F-C88EC683603E}"
EndProject
Project("{FAE04EC0-301F-11D3-BF4B-00C04F79EFBC}") = "多态_接口", "多态_接口\多态_接口.csproj", "{039B9B29-5DD6-4162-B3C0-53FCAEDC5B72}"
EndProject
Project("{FAE04EC0-301F-11D3-BF4B-00C04F79EFBC}") = "多态_接口习题", "多态_接口习题\多态_接口习题.csproj", "{462FB5C5-0309-4057-803F-1B56928260F5}"
EndProject
Project("{FAE04EC0-301F-11D3-BF4B-00C04F79EFBC}") = "多态_密封方法", "多态_密封方法\多态_密封方法.csproj", "{305D3937-F026-47BA-A634-D9DD1D0FFA82}"
EndProject
Project("{FAE04EC0-301F-11D3-BF4B-00C04F79EFBC}") = "命名空间", "命名空间\命名空间.csproj", "{6E830379-6A2E-4A13-A8B4-22D1EB6B609F}"
EndProject
Project("{FAE04EC0-301F-11D3-BF4B-00C04F79EFBC}") = "万物之父中的方法", "万物之父中的方法\万物之父中的方法.csproj", "{96C26AB7-647B-400D-83A4-74142FC1240C}"
EndProject
Project("{FAE04EC0-301F-11D3-BF4B-00C04F79EFBC}") = "万物之父中的方法习题", "万物之父中的方法习题\万物之父中的方法习题.csproj", "{135CB417-F35A-40F8-8B83-DAC656D71D8C}"
EndProject
Project("{FAE04EC0-301F-11D3-BF4B-00C04F79EFBC}") = "String", "String\String.csproj", "{416FABA6-916A-4612-8154-4D78C1EC2ECC}"
EndProject
Project("{FAE04EC0-301F-11D3-BF4B-00C04F79EFBC}") = "string习题", "string习题\string习题.csproj", "{9EAA4346-1141-44B7-8ADE-2A2DA166D1EF}"
EndProject
Project("{FAE04EC0-301F-11D3-BF4B-00C04F79EFBC}") = "StringBuilder", "StringBuilder\StringBuilder.csproj", "{234F43BB-E231-4A44-9355-4831CCA3DBBF}"
EndProject
Global
	GlobalSection(SolutionConfigurationPlatforms) = preSolution
		Debug|Any CPU = Debug|Any CPU
		Release|Any CPU = Release|Any CPU
	EndGlobalSection
	GlobalSection(ProjectConfigurationPlatforms) = postSolution
		{B714062F-2700-4A23-ADAF-61F954FE289A}.Debug|Any CPU.ActiveCfg = Debug|Any CPU
		{B714062F-2700-4A23-ADAF-61F954FE289A}.Debug|Any CPU.Build.0 = Debug|Any CPU
		{B714062F-2700-4A23-ADAF-61F954FE289A}.Release|Any CPU.ActiveCfg = Release|Any CPU
		{B714062F-2700-4A23-ADAF-61F954FE289A}.Release|Any CPU.Build.0 = Release|Any CPU
		{DD024B48-E3DF-4790-88DC-CEC7AA6E8116}.Debug|Any CPU.ActiveCfg = Debug|Any CPU
		{DD024B48-E3DF-4790-88DC-CEC7AA6E8116}.Debug|Any CPU.Build.0 = Debug|Any CPU
		{DD024B48-E3DF-4790-88DC-CEC7AA6E8116}.Release|Any CPU.ActiveCfg = Release|Any CPU
		{DD024B48-E3DF-4790-88DC-CEC7AA6E8116}.Release|Any CPU.Build.0 = Release|Any CPU
		{8F8E937A-30EC-475E-BBD3-7A5D4AFE6768}.Debug|Any CPU.ActiveCfg = Debug|Any CPU
		{8F8E937A-30EC-475E-BBD3-7A5D4AFE6768}.Debug|Any CPU.Build.0 = Debug|Any CPU
		{8F8E937A-30EC-475E-BBD3-7A5D4AFE6768}.Release|Any CPU.ActiveCfg = Release|Any CPU
		{8F8E937A-30EC-475E-BBD3-7A5D4AFE6768}.Release|Any CPU.Build.0 = Release|Any CPU
		{E5A118DA-8E92-4529-A8C0-53FC643F190A}.Debug|Any CPU.ActiveCfg = Debug|Any CPU
		{E5A118DA-8E92-4529-A8C0-53FC643F190A}.Debug|Any CPU.Build.0 = Debug|Any CPU
		{E5A118DA-8E92-4529-A8C0-53FC643F190A}.Release|Any CPU.ActiveCfg = Release|Any CPU
		{E5A118DA-8E92-4529-A8C0-53FC643F190A}.Release|Any CPU.Build.0 = Release|Any CPU
		{5349874D-4BBC-4D24-8CB5-C73AE511489D}.Debug|Any CPU.ActiveCfg = Debug|Any CPU
		{5349874D-4BBC-4D24-8CB5-C73AE511489D}.Debug|Any CPU.Build.0 = Debug|Any CPU
		{5349874D-4BBC-4D24-8CB5-C73AE511489D}.Release|Any CPU.ActiveCfg = Release|Any CPU
		{5349874D-4BBC-4D24-8CB5-C73AE511489D}.Release|Any CPU.Build.0 = Release|Any CPU
		{52A6E99A-47D7-4600-B2BB-1FDD4721BDAA}.Debug|Any CPU.ActiveCfg = Debug|Any CPU
		{52A6E99A-47D7-4600-B2BB-1FDD4721BDAA}.Debug|Any CPU.Build.0 = Debug|Any CPU
		{52A6E99A-47D7-4600-B2BB-1FDD4721BDAA}.Release|Any CPU.ActiveCfg = Release|Any CPU
		{52A6E99A-47D7-4600-B2BB-1FDD4721BDAA}.Release|Any CPU.Build.0 = Release|Any CPU
		{7D131D81-FE37-4DFC-B631-71935D58B0DC}.Debug|Any CPU.ActiveCfg = Debug|Any CPU
		{7D131D81-FE37-4DFC-B631-71935D58B0DC}.Debug|Any CPU.Build.0 = Debug|Any CPU
		{7D131D81-FE37-4DFC-B631-71935D58B0DC}.Release|Any CPU.ActiveCfg = Release|Any CPU
		{7D131D81-FE37-4DFC-B631-71935D58B0DC}.Release|Any CPU.Build.0 = Release|Any CPU
		{D0AB80EA-9988-4F2A-AFF3-CF9FB5E63154}.Debug|Any CPU.ActiveCfg = Debug|Any CPU
		{D0AB80EA-9988-4F2A-AFF3-CF9FB5E63154}.Debug|Any CPU.Build.0 = Debug|Any CPU
		{D0AB80EA-9988-4F2A-AFF3-CF9FB5E63154}.Release|Any CPU.ActiveCfg = Release|Any CPU
		{D0AB80EA-9988-4F2A-AFF3-CF9FB5E63154}.Release|Any CPU.Build.0 = Release|Any CPU
		{E83B2FEA-813D-4D15-B17A-024B373DADD1}.Debug|Any CPU.ActiveCfg = Debug|Any CPU
		{E83B2FEA-813D-4D15-B17A-024B373DADD1}.Debug|Any CPU.Build.0 = Debug|Any CPU
		{E83B2FEA-813D-4D15-B17A-024B373DADD1}.Release|Any CPU.ActiveCfg = Release|Any CPU
		{E83B2FEA-813D-4D15-B17A-024B373DADD1}.Release|Any CPU.Build.0 = Release|Any CPU
		{F6E0130F-AD92-4B74-811F-2683C6326BEC}.Debug|Any CPU.ActiveCfg = Debug|Any CPU
		{F6E0130F-AD92-4B74-811F-2683C6326BEC}.Debug|Any CPU.Build.0 = Debug|Any CPU
		{F6E0130F-AD92-4B74-811F-2683C6326BEC}.Release|Any CPU.ActiveCfg = Release|Any CPU
		{F6E0130F-AD92-4B74-811F-2683C6326BEC}.Release|Any CPU.Build.0 = Release|Any CPU
		{7BAF17FF-BA28-4EC5-81DD-7F115CEE8F36}.Debug|Any CPU.ActiveCfg = Debug|Any CPU
		{7BAF17FF-BA28-4EC5-81DD-7F115CEE8F36}.Debug|Any CPU.Build.0 = Debug|Any CPU
		{7BAF17FF-BA28-4EC5-81DD-7F115CEE8F36}.Release|Any CPU.ActiveCfg = Release|Any CPU
		{7BAF17FF-BA28-4EC5-81DD-7F115CEE8F36}.Release|Any CPU.Build.0 = Release|Any CPU
		{033811D5-5AC9-432C-861B-B724D6DB29AD}.Debug|Any CPU.ActiveCfg = Debug|Any CPU
		{033811D5-5AC9-432C-861B-B724D6DB29AD}.Debug|Any CPU.Build.0 = Debug|Any CPU
		{033811D5-5AC9-432C-861B-B724D6DB29AD}.Release|Any CPU.ActiveCfg = Release|Any CPU
		{033811D5-5AC9-432C-861B-B724D6DB29AD}.Release|Any CPU.Build.0 = Release|Any CPU
		{9CB6465B-1DF6-4E7F-9A31-B6BEED5ECB41}.Debug|Any CPU.ActiveCfg = Debug|Any CPU
		{9CB6465B-1DF6-4E7F-9A31-B6BEED5ECB41}.Debug|Any CPU.Build.0 = Debug|Any CPU
		{9CB6465B-1DF6-4E7F-9A31-B6BEED5ECB41}.Release|Any CPU.ActiveCfg = Release|Any CPU
		{9CB6465B-1DF6-4E7F-9A31-B6BEED5ECB41}.Release|Any CPU.Build.0 = Release|Any CPU
		{F28586C0-C0F3-4783-8F1B-E8EA9EACFF9C}.Debug|Any CPU.ActiveCfg = Debug|Any CPU
		{F28586C0-C0F3-4783-8F1B-E8EA9EACFF9C}.Debug|Any CPU.Build.0 = Debug|Any CPU
		{F28586C0-C0F3-4783-8F1B-E8EA9EACFF9C}.Release|Any CPU.ActiveCfg = Release|Any CPU
		{F28586C0-C0F3-4783-8F1B-E8EA9EACFF9C}.Release|Any CPU.Build.0 = Release|Any CPU
		{78EEE66F-E8A5-4AF7-9352-25DD5980CD13}.Debug|Any CPU.ActiveCfg = Debug|Any CPU
		{78EEE66F-E8A5-4AF7-9352-25DD5980CD13}.Debug|Any CPU.Build.0 = Debug|Any CPU
		{78EEE66F-E8A5-4AF7-9352-25DD5980CD13}.Release|Any CPU.ActiveCfg = Release|Any CPU
		{78EEE66F-E8A5-4AF7-9352-25DD5980CD13}.Release|Any CPU.Build.0 = Release|Any CPU
		{776CC034-FB34-4A40-A178-8FBBED5438CC}.Debug|Any CPU.ActiveCfg = Debug|Any CPU
		{776CC034-FB34-4A40-A178-8FBBED5438CC}.Debug|Any CPU.Build.0 = Debug|Any CPU
		{776CC034-FB34-4A40-A178-8FBBED5438CC}.Release|Any CPU.ActiveCfg = Release|Any CPU
		{776CC034-FB34-4A40-A178-8FBBED5438CC}.Release|Any CPU.Build.0 = Release|Any CPU
		{5CCA2CB2-8ECC-45F9-A6C6-C0043E447713}.Debug|Any CPU.ActiveCfg = Debug|Any CPU
		{5CCA2CB2-8ECC-45F9-A6C6-C0043E447713}.Debug|Any CPU.Build.0 = Debug|Any CPU
		{5CCA2CB2-8ECC-45F9-A6C6-C0043E447713}.Release|Any CPU.ActiveCfg = Release|Any CPU
		{5CCA2CB2-8ECC-45F9-A6C6-C0043E447713}.Release|Any CPU.Build.0 = Release|Any CPU
		{50C59554-9F70-4890-80EF-9F7F0B50BF6F}.Debug|Any CPU.ActiveCfg = Debug|Any CPU
		{50C59554-9F70-4890-80EF-9F7F0B50BF6F}.Debug|Any CPU.Build.0 = Debug|Any CPU
		{50C59554-9F70-4890-80EF-9F7F0B50BF6F}.Release|Any CPU.ActiveCfg = Release|Any CPU
		{50C59554-9F70-4890-80EF-9F7F0B50BF6F}.Release|Any CPU.Build.0 = Release|Any CPU
		{AB96D74B-430D-4354-9044-AEE02A953D82}.Debug|Any CPU.ActiveCfg = Debug|Any CPU
		{AB96D74B-430D-4354-9044-AEE02A953D82}.Debug|Any CPU.Build.0 = Debug|Any CPU
		{AB96D74B-430D-4354-9044-AEE02A953D82}.Release|Any CPU.ActiveCfg = Release|Any CPU
		{AB96D74B-430D-4354-9044-AEE02A953D82}.Release|Any CPU.Build.0 = Release|Any CPU
		{38B0F39B-D2E1-4DAA-97D4-EEB6FD8D6501}.Debug|Any CPU.ActiveCfg = Debug|Any CPU
		{38B0F39B-D2E1-4DAA-97D4-EEB6FD8D6501}.Debug|Any CPU.Build.0 = Debug|Any CPU
		{38B0F39B-D2E1-4DAA-97D4-EEB6FD8D6501}.Release|Any CPU.ActiveCfg = Release|Any CPU
		{38B0F39B-D2E1-4DAA-97D4-EEB6FD8D6501}.Release|Any CPU.Build.0 = Release|Any CPU
		{F50D3F1C-00F8-4E19-8744-B219D8D07194}.Debug|Any CPU.ActiveCfg = Debug|Any CPU
		{F50D3F1C-00F8-4E19-8744-B219D8D07194}.Debug|Any CPU.Build.0 = Debug|Any CPU
		{F50D3F1C-00F8-4E19-8744-B219D8D07194}.Release|Any CPU.ActiveCfg = Release|Any CPU
		{F50D3F1C-00F8-4E19-8744-B219D8D07194}.Release|Any CPU.Build.0 = Release|Any CPU
		{4A0B8E85-314E-4B23-9B68-2C06BE8AF313}.Debug|Any CPU.ActiveCfg = Debug|Any CPU
		{4A0B8E85-314E-4B23-9B68-2C06BE8AF313}.Debug|Any CPU.Build.0 = Debug|Any CPU
		{4A0B8E85-314E-4B23-9B68-2C06BE8AF313}.Release|Any CPU.ActiveCfg = Release|Any CPU
		{4A0B8E85-314E-4B23-9B68-2C06BE8AF313}.Release|Any CPU.Build.0 = Release|Any CPU
		{2771C36E-B2F4-4158-80AD-EE11B9F89CEB}.Debug|Any CPU.ActiveCfg = Debug|Any CPU
		{2771C36E-B2F4-4158-80AD-EE11B9F89CEB}.Debug|Any CPU.Build.0 = Debug|Any CPU
		{2771C36E-B2F4-4158-80AD-EE11B9F89CEB}.Release|Any CPU.ActiveCfg = Release|Any CPU
		{2771C36E-B2F4-4158-80AD-EE11B9F89CEB}.Release|Any CPU.Build.0 = Release|Any CPU
		{C7D7CE8E-2363-4AA3-8D03-10078786C0F6}.Debug|Any CPU.ActiveCfg = Debug|Any CPU
		{C7D7CE8E-2363-4AA3-8D03-10078786C0F6}.Debug|Any CPU.Build.0 = Debug|Any CPU
		{C7D7CE8E-2363-4AA3-8D03-10078786C0F6}.Release|Any CPU.ActiveCfg = Release|Any CPU
		{C7D7CE8E-2363-4AA3-8D03-10078786C0F6}.Release|Any CPU.Build.0 = Release|Any CPU
		{53F5AFA4-6E4E-496E-89DB-D58AC9E3CEC0}.Debug|Any CPU.ActiveCfg = Debug|Any CPU
		{53F5AFA4-6E4E-496E-89DB-D58AC9E3CEC0}.Debug|Any CPU.Build.0 = Debug|Any CPU
		{53F5AFA4-6E4E-496E-89DB-D58AC9E3CEC0}.Release|Any CPU.ActiveCfg = Release|Any CPU
		{53F5AFA4-6E4E-496E-89DB-D58AC9E3CEC0}.Release|Any CPU.Build.0 = Release|Any CPU
		{5149C1DC-76EF-4D1E-AD00-DCCB5479EB9E}.Debug|Any CPU.ActiveCfg = Debug|Any CPU
		{5149C1DC-76EF-4D1E-AD00-DCCB5479EB9E}.Debug|Any CPU.Build.0 = Debug|Any CPU
		{5149C1DC-76EF-4D1E-AD00-DCCB5479EB9E}.Release|Any CPU.ActiveCfg = Release|Any CPU
		{5149C1DC-76EF-4D1E-AD00-DCCB5479EB9E}.Release|Any CPU.Build.0 = Release|Any CPU
		{2600CDB8-F668-4671-940B-EE80EDA6F01A}.Debug|Any CPU.ActiveCfg = Debug|Any CPU
		{2600CDB8-F668-4671-940B-EE80EDA6F01A}.Debug|Any CPU.Build.0 = Debug|Any CPU
		{2600CDB8-F668-4671-940B-EE80EDA6F01A}.Release|Any CPU.ActiveCfg = Release|Any CPU
		{2600CDB8-F668-4671-940B-EE80EDA6F01A}.Release|Any CPU.Build.0 = Release|Any CPU
		{52A89AEB-DE5D-4797-B77C-E0875B338F4D}.Debug|Any CPU.ActiveCfg = Debug|Any CPU
		{52A89AEB-DE5D-4797-B77C-E0875B338F4D}.Debug|Any CPU.Build.0 = Debug|Any CPU
		{52A89AEB-DE5D-4797-B77C-E0875B338F4D}.Release|Any CPU.ActiveCfg = Release|Any CPU
		{52A89AEB-DE5D-4797-B77C-E0875B338F4D}.Release|Any CPU.Build.0 = Release|Any CPU
		{7AE0BA91-8D94-4512-B7F5-E0FA49FC8AFE}.Debug|Any CPU.ActiveCfg = Debug|Any CPU
		{7AE0BA91-8D94-4512-B7F5-E0FA49FC8AFE}.Debug|Any CPU.Build.0 = Debug|Any CPU
		{7AE0BA91-8D94-4512-B7F5-E0FA49FC8AFE}.Release|Any CPU.ActiveCfg = Release|Any CPU
		{7AE0BA91-8D94-4512-B7F5-E0FA49FC8AFE}.Release|Any CPU.Build.0 = Release|Any CPU
		{69106255-E07F-4EEB-A6D1-DF01C1BE74C7}.Debug|Any CPU.ActiveCfg = Debug|Any CPU
		{69106255-E07F-4EEB-A6D1-DF01C1BE74C7}.Debug|Any CPU.Build.0 = Debug|Any CPU
		{69106255-E07F-4EEB-A6D1-DF01C1BE74C7}.Release|Any CPU.ActiveCfg = Release|Any CPU
		{69106255-E07F-4EEB-A6D1-DF01C1BE74C7}.Release|Any CPU.Build.0 = Release|Any CPU
		{6AEEB130-3235-4502-BB4F-E8979E5F8558}.Debug|Any CPU.ActiveCfg = Debug|Any CPU
		{6AEEB130-3235-4502-BB4F-E8979E5F8558}.Debug|Any CPU.Build.0 = Debug|Any CPU
		{6AEEB130-3235-4502-BB4F-E8979E5F8558}.Release|Any CPU.ActiveCfg = Release|Any CPU
		{6AEEB130-3235-4502-BB4F-E8979E5F8558}.Release|Any CPU.Build.0 = Release|Any CPU
		{21249DE5-051D-452D-AB96-E780BCB2F2B6}.Debug|Any CPU.ActiveCfg = Debug|Any CPU
		{21249DE5-051D-452D-AB96-E780BCB2F2B6}.Debug|Any CPU.Build.0 = Debug|Any CPU
		{21249DE5-051D-452D-AB96-E780BCB2F2B6}.Release|Any CPU.ActiveCfg = Release|Any CPU
		{21249DE5-051D-452D-AB96-E780BCB2F2B6}.Release|Any CPU.Build.0 = Release|Any CPU
		{97D7F40F-9EC3-4A31-BE17-735AF49A9899}.Debug|Any CPU.ActiveCfg = Debug|Any CPU
		{97D7F40F-9EC3-4A31-BE17-735AF49A9899}.Debug|Any CPU.Build.0 = Debug|Any CPU
		{97D7F40F-9EC3-4A31-BE17-735AF49A9899}.Release|Any CPU.ActiveCfg = Release|Any CPU
		{97D7F40F-9EC3-4A31-BE17-735AF49A9899}.Release|Any CPU.Build.0 = Release|Any CPU
		{4095B120-15BC-4AC9-A9ED-E88387CF95C2}.Debug|Any CPU.ActiveCfg = Debug|Any CPU
		{4095B120-15BC-4AC9-A9ED-E88387CF95C2}.Debug|Any CPU.Build.0 = Debug|Any CPU
		{4095B120-15BC-4AC9-A9ED-E88387CF95C2}.Release|Any CPU.ActiveCfg = Release|Any CPU
		{4095B120-15BC-4AC9-A9ED-E88387CF95C2}.Release|Any CPU.Build.0 = Release|Any CPU
		{221E0C31-6E74-4973-804F-C88EC683603E}.Debug|Any CPU.ActiveCfg = Debug|Any CPU
		{221E0C31-6E74-4973-804F-C88EC683603E}.Debug|Any CPU.Build.0 = Debug|Any CPU
		{221E0C31-6E74-4973-804F-C88EC683603E}.Release|Any CPU.ActiveCfg = Release|Any CPU
		{221E0C31-6E74-4973-804F-C88EC683603E}.Release|Any CPU.Build.0 = Release|Any CPU
		{039B9B29-5DD6-4162-B3C0-53FCAEDC5B72}.Debug|Any CPU.ActiveCfg = Debug|Any CPU
		{039B9B29-5DD6-4162-B3C0-53FCAEDC5B72}.Debug|Any CPU.Build.0 = Debug|Any CPU
		{039B9B29-5DD6-4162-B3C0-53FCAEDC5B72}.Release|Any CPU.ActiveCfg = Release|Any CPU
		{039B9B29-5DD6-4162-B3C0-53FCAEDC5B72}.Release|Any CPU.Build.0 = Release|Any CPU
		{462FB5C5-0309-4057-803F-1B56928260F5}.Debug|Any CPU.ActiveCfg = Debug|Any CPU
		{462FB5C5-0309-4057-803F-1B56928260F5}.Debug|Any CPU.Build.0 = Debug|Any CPU
		{462FB5C5-0309-4057-803F-1B56928260F5}.Release|Any CPU.ActiveCfg = Release|Any CPU
		{462FB5C5-0309-4057-803F-1B56928260F5}.Release|Any CPU.Build.0 = Release|Any CPU
		{305D3937-F026-47BA-A634-D9DD1D0FFA82}.Debug|Any CPU.ActiveCfg = Debug|Any CPU
		{305D3937-F026-47BA-A634-D9DD1D0FFA82}.Debug|Any CPU.Build.0 = Debug|Any CPU
		{305D3937-F026-47BA-A634-D9DD1D0FFA82}.Release|Any CPU.ActiveCfg = Release|Any CPU
		{305D3937-F026-47BA-A634-D9DD1D0FFA82}.Release|Any CPU.Build.0 = Release|Any CPU
		{6E830379-6A2E-4A13-A8B4-22D1EB6B609F}.Debug|Any CPU.ActiveCfg = Debug|Any CPU
		{6E830379-6A2E-4A13-A8B4-22D1EB6B609F}.Debug|Any CPU.Build.0 = Debug|Any CPU
		{6E830379-6A2E-4A13-A8B4-22D1EB6B609F}.Release|Any CPU.ActiveCfg = Release|Any CPU
		{6E830379-6A2E-4A13-A8B4-22D1EB6B609F}.Release|Any CPU.Build.0 = Release|Any CPU
		{96C26AB7-647B-400D-83A4-74142FC1240C}.Debug|Any CPU.ActiveCfg = Debug|Any CPU
		{96C26AB7-647B-400D-83A4-74142FC1240C}.Debug|Any CPU.Build.0 = Debug|Any CPU
		{96C26AB7-647B-400D-83A4-74142FC1240C}.Release|Any CPU.ActiveCfg = Release|Any CPU
		{96C26AB7-647B-400D-83A4-74142FC1240C}.Release|Any CPU.Build.0 = Release|Any CPU
		{135CB417-F35A-40F8-8B83-DAC656D71D8C}.Debug|Any CPU.ActiveCfg = Debug|Any CPU
		{135CB417-F35A-40F8-8B83-DAC656D71D8C}.Debug|Any CPU.Build.0 = Debug|Any CPU
		{135CB417-F35A-40F8-8B83-DAC656D71D8C}.Release|Any CPU.ActiveCfg = Release|Any CPU
		{135CB417-F35A-40F8-8B83-DAC656D71D8C}.Release|Any CPU.Build.0 = Release|Any CPU
		{416FABA6-916A-4612-8154-4D78C1EC2ECC}.Debug|Any CPU.ActiveCfg = Debug|Any CPU
		{416FABA6-916A-4612-8154-4D78C1EC2ECC}.Debug|Any CPU.Build.0 = Debug|Any CPU
		{416FABA6-916A-4612-8154-4D78C1EC2ECC}.Release|Any CPU.ActiveCfg = Release|Any CPU
		{416FABA6-916A-4612-8154-4D78C1EC2ECC}.Release|Any CPU.Build.0 = Release|Any CPU
		{9EAA4346-1141-44B7-8ADE-2A2DA166D1EF}.Debug|Any CPU.ActiveCfg = Debug|Any CPU
		{9EAA4346-1141-44B7-8ADE-2A2DA166D1EF}.Debug|Any CPU.Build.0 = Debug|Any CPU
		{9EAA4346-1141-44B7-8ADE-2A2DA166D1EF}.Release|Any CPU.ActiveCfg = Release|Any CPU
		{9EAA4346-1141-44B7-8ADE-2A2DA166D1EF}.Release|Any CPU.Build.0 = Release|Any CPU
		{234F43BB-E231-4A44-9355-4831CCA3DBBF}.Debug|Any CPU.ActiveCfg = Debug|Any CPU
		{234F43BB-E231-4A44-9355-4831CCA3DBBF}.Debug|Any CPU.Build.0 = Debug|Any CPU
		{234F43BB-E231-4A44-9355-4831CCA3DBBF}.Release|Any CPU.ActiveCfg = Release|Any CPU
		{234F43BB-E231-4A44-9355-4831CCA3DBBF}.Release|Any CPU.Build.0 = Release|Any CPU
	EndGlobalSection
	GlobalSection(SolutionProperties) = preSolution
		HideSolutionNode = FALSE
	EndGlobalSection
EndGlobal
